// !$*UTF8*$!
{
	archiveVersion = 1;
	classes = {
	};
	objectVersion = 46;
	objects = {

/* Begin PBXBuildFile section */
		7B254DEF1685EDE600B21EF9 /* UIImage+MHCombineAlpha.m in Sources */ = {isa = PBXBuildFile; fileRef = 7B254DEC1685EDE600B21EF9 /* UIImage+MHCombineAlpha.m */; };
		7B254DF01685EDE600B21EF9 /* UIImage+MHRawBytes.m in Sources */ = {isa = PBXBuildFile; fileRef = 7B254DEE1685EDE600B21EF9 /* UIImage+MHRawBytes.m */; };
		7B8FAA48146D653C0039BFDA /* UIKit.framework in Frameworks */ = {isa = PBXBuildFile; fileRef = 7B8FAA47146D653C0039BFDA /* UIKit.framework */; };
		7B8FAA4A146D653C0039BFDA /* Foundation.framework in Frameworks */ = {isa = PBXBuildFile; fileRef = 7B8FAA49146D653C0039BFDA /* Foundation.framework */; };
		7B8FAA4C146D653C0039BFDA /* CoreGraphics.framework in Frameworks */ = {isa = PBXBuildFile; fileRef = 7B8FAA4B146D653C0039BFDA /* CoreGraphics.framework */; };
		7B8FAA54146D653C0039BFDA /* main.m in Sources */ = {isa = PBXBuildFile; fileRef = 7B8FAA53146D653C0039BFDA /* main.m */; };
		7B8FAA58146D653C0039BFDA /* AppDelegate.m in Sources */ = {isa = PBXBuildFile; fileRef = 7B8FAA57146D653C0039BFDA /* AppDelegate.m */; };
		7B8FAA5B146D653C0039BFDA /* ViewController.m in Sources */ = {isa = PBXBuildFile; fileRef = 7B8FAA5A146D653C0039BFDA /* ViewController.m */; };
		7B8FAA5E146D653C0039BFDA /* ViewController.xib in Resources */ = {isa = PBXBuildFile; fileRef = 7B8FAA5C146D653C0039BFDA /* ViewController.xib */; };
		7B8FAAAA146DB8990039BFDA /* Bird-Alpha-Q40.jpg in Resources */ = {isa = PBXBuildFile; fileRef = 7B8FAA9C146DB8990039BFDA /* Bird-Alpha-Q40.jpg */; };
		7B8FAAAB146DB8990039BFDA /* Bird-Alpha-Q100.jpg in Resources */ = {isa = PBXBuildFile; fileRef = 7B8FAA9D146DB8990039BFDA /* Bird-Alpha-Q100.jpg */; };
		7B8FAAAC146DB8990039BFDA /* Bird-Source-Q20.jpg in Resources */ = {isa = PBXBuildFile; fileRef = 7B8FAA9E146DB8990039BFDA /* Bird-Source-Q20.jpg */; };
		7B8FAAAD146DB8990039BFDA /* Bird-Source-Q40.jpg in Resources */ = {isa = PBXBuildFile; fileRef = 7B8FAA9F146DB8990039BFDA /* Bird-Source-Q40.jpg */; };
		7B8FAAAE146DB8990039BFDA /* Bird-Source-Q100.jpg in Resources */ = {isa = PBXBuildFile; fileRef = 7B8FAAA0146DB8990039BFDA /* Bird-Source-Q100.jpg */; };
		7B8FAAAF146DB8990039BFDA /* Bird.png in Resources */ = {isa = PBXBuildFile; fileRef = 7B8FAAA1146DB8990039BFDA /* Bird.png */; };
		7B8FAAB0146DB8990039BFDA /* Test-Alpha-Q40.jpg in Resources */ = {isa = PBXBuildFile; fileRef = 7B8FAAA2146DB8990039BFDA /* Test-Alpha-Q40.jpg */; };
		7B8FAAB1146DB8990039BFDA /* Test-Alpha-Q100.jpg in Resources */ = {isa = PBXBuildFile; fileRef = 7B8FAAA3146DB8990039BFDA /* Test-Alpha-Q100.jpg */; };
		7B8FAAB2146DB8990039BFDA /* Test-Source-Q40-Black.jpg in Resources */ = {isa = PBXBuildFile; fileRef = 7B8FAAA4146DB8990039BFDA /* Test-Source-Q40-Black.jpg */; };
		7B8FAAB3146DB8990039BFDA /* Test-Source-Q40-White.jpg in Resources */ = {isa = PBXBuildFile; fileRef = 7B8FAAA5146DB8990039BFDA /* Test-Source-Q40-White.jpg */; };
		7B8FAAB4146DB8990039BFDA /* Test-Source-Q100-Black.jpg in Resources */ = {isa = PBXBuildFile; fileRef = 7B8FAAA6146DB8990039BFDA /* Test-Source-Q100-Black.jpg */; };
		7B8FAAB5146DB8990039BFDA /* Test-Source-Q100-Purple.jpg in Resources */ = {isa = PBXBuildFile; fileRef = 7B8FAAA7146DB8990039BFDA /* Test-Source-Q100-Purple.jpg */; };
		7B8FAAB6146DB8990039BFDA /* Test-Source-Q100-White.jpg in Resources */ = {isa = PBXBuildFile; fileRef = 7B8FAAA8146DB8990039BFDA /* Test-Source-Q100-White.jpg */; };
		7B8FAAB7146DB8990039BFDA /* Test.png in Resources */ = {isa = PBXBuildFile; fileRef = 7B8FAAA9146DB8990039BFDA /* Test.png */; };
		7B94260D18EC450300346E03 /* Test-Source-Q40-White@2x.jpg in Resources */ = {isa = PBXBuildFile; fileRef = 7B94260B18EC450300346E03 /* Test-Source-Q40-White@2x.jpg */; };
		7B94260E18EC450300346E03 /* Test@2x.png in Resources */ = {isa = PBXBuildFile; fileRef = 7B94260C18EC450300346E03 /* Test@2x.png */; };
		7B94261018EC456200346E03 /* Test-Alpha-Q40@2x.jpg in Resources */ = {isa = PBXBuildFile; fileRef = 7B94260F18EC456200346E03 /* Test-Alpha-Q40@2x.jpg */; };
/* End PBXBuildFile section */

/* Begin PBXFileReference section */
		7B254DEB1685EDE600B21EF9 /* UIImage+MHCombineAlpha.h */ = {isa = PBXFileReference; fileEncoding = 4; lastKnownFileType = sourcecode.c.h; path = "UIImage+MHCombineAlpha.h"; sourceTree = "<group>"; };
		7B254DEC1685EDE600B21EF9 /* UIImage+MHCombineAlpha.m */ = {isa = PBXFileReference; fileEncoding = 4; lastKnownFileType = sourcecode.c.objc; path = "UIImage+MHCombineAlpha.m"; sourceTree = "<group>"; };
		7B254DED1685EDE600B21EF9 /* UIImage+MHRawBytes.h */ = {isa = PBXFileReference; fileEncoding = 4; lastKnownFileType = sourcecode.c.h; path = "UIImage+MHRawBytes.h"; sourceTree = "<group>"; };
		7B254DEE1685EDE600B21EF9 /* UIImage+MHRawBytes.m */ = {isa = PBXFileReference; fileEncoding = 4; lastKnownFileType = sourcecode.c.objc; path = "UIImage+MHRawBytes.m"; sourceTree = "<group>"; };
		7B8FAA43146D653C0039BFDA /* Demo.app */ = {isa = PBXFileReference; explicitFileType = wrapper.application; includeInIndex = 0; path = Demo.app; sourceTree = BUILT_PRODUCTS_DIR; };
		7B8FAA47146D653C0039BFDA /* UIKit.framework */ = {isa = PBXFileReference; lastKnownFileType = wrapper.framework; name = UIKit.framework; path = System/Library/Frameworks/UIKit.framework; sourceTree = SDKROOT; };
		7B8FAA49146D653C0039BFDA /* Foundation.framework */ = {isa = PBXFileReference; lastKnownFileType = wrapper.framework; name = Foundation.framework; path = System/Library/Frameworks/Foundation.framework; sourceTree = SDKROOT; };
		7B8FAA4B146D653C0039BFDA /* CoreGraphics.framework */ = {isa = PBXFileReference; lastKnownFileType = wrapper.framework; name = CoreGraphics.framework; path = System/Library/Frameworks/CoreGraphics.framework; sourceTree = SDKROOT; };
		7B8FAA4F146D653C0039BFDA /* Demo-Info.plist */ = {isa = PBXFileReference; lastKnownFileType = text.plist.xml; path = "Demo-Info.plist"; sourceTree = "<group>"; };
		7B8FAA53146D653C0039BFDA /* main.m */ = {isa = PBXFileReference; lastKnownFileType = sourcecode.c.objc; path = main.m; sourceTree = "<group>"; };
		7B8FAA55146D653C0039BFDA /* Demo-Prefix.pch */ = {isa = PBXFileReference; lastKnownFileType = sourcecode.c.h; path = "Demo-Prefix.pch"; sourceTree = "<group>"; };
		7B8FAA56146D653C0039BFDA /* AppDelegate.h */ = {isa = PBXFileReference; lastKnownFileType = sourcecode.c.h; path = AppDelegate.h; sourceTree = "<group>"; };
		7B8FAA57146D653C0039BFDA /* AppDelegate.m */ = {isa = PBXFileReference; lastKnownFileType = sourcecode.c.objc; path = AppDelegate.m; sourceTree = "<group>"; };
		7B8FAA59146D653C0039BFDA /* ViewController.h */ = {isa = PBXFileReference; lastKnownFileType = sourcecode.c.h; path = ViewController.h; sourceTree = "<group>"; };
		7B8FAA5A146D653C0039BFDA /* ViewController.m */ = {isa = PBXFileReference; lastKnownFileType = sourcecode.c.objc; path = ViewController.m; sourceTree = "<group>"; };
		7B8FAA5D146D653C0039BFDA /* en */ = {isa = PBXFileReference; lastKnownFileType = file.xib; name = en; path = en.lproj/ViewController.xib; sourceTree = "<group>"; };
		7B8FAA9C146DB8990039BFDA /* Bird-Alpha-Q40.jpg */ = {isa = PBXFileReference; lastKnownFileType = image.jpeg; path = "Bird-Alpha-Q40.jpg"; sourceTree = "<group>"; };
		7B8FAA9D146DB8990039BFDA /* Bird-Alpha-Q100.jpg */ = {isa = PBXFileReference; lastKnownFileType = image.jpeg; path = "Bird-Alpha-Q100.jpg"; sourceTree = "<group>"; };
		7B8FAA9E146DB8990039BFDA /* Bird-Source-Q20.jpg */ = {isa = PBXFileReference; lastKnownFileType = image.jpeg; path = "Bird-Source-Q20.jpg"; sourceTree = "<group>"; };
		7B8FAA9F146DB8990039BFDA /* Bird-Source-Q40.jpg */ = {isa = PBXFileReference; lastKnownFileType = image.jpeg; path = "Bird-Source-Q40.jpg"; sourceTree = "<group>"; };
		7B8FAAA0146DB8990039BFDA /* Bird-Source-Q100.jpg */ = {isa = PBXFileReference; lastKnownFileType = image.jpeg; path = "Bird-Source-Q100.jpg"; sourceTree = "<group>"; };
		7B8FAAA1146DB8990039BFDA /* Bird.png */ = {isa = PBXFileReference; lastKnownFileType = image.png; path = Bird.png; sourceTree = "<group>"; };
		7B8FAAA2146DB8990039BFDA /* Test-Alpha-Q40.jpg */ = {isa = PBXFileReference; lastKnownFileType = image.jpeg; path = "Test-Alpha-Q40.jpg"; sourceTree = "<group>"; };
		7B8FAAA3146DB8990039BFDA /* Test-Alpha-Q100.jpg */ = {isa = PBXFileReference; lastKnownFileType = image.jpeg; path = "Test-Alpha-Q100.jpg"; sourceTree = "<group>"; };
		7B8FAAA4146DB8990039BFDA /* Test-Source-Q40-Black.jpg */ = {isa = PBXFileReference; lastKnownFileType = image.jpeg; path = "Test-Source-Q40-Black.jpg"; sourceTree = "<group>"; };
		7B8FAAA5146DB8990039BFDA /* Test-Source-Q40-White.jpg */ = {isa = PBXFileReference; lastKnownFileType = image.jpeg; path = "Test-Source-Q40-White.jpg"; sourceTree = "<group>"; };
		7B8FAAA6146DB8990039BFDA /* Test-Source-Q100-Black.jpg */ = {isa = PBXFileReference; lastKnownFileType = image.jpeg; path = "Test-Source-Q100-Black.jpg"; sourceTree = "<group>"; };
		7B8FAAA7146DB8990039BFDA /* Test-Source-Q100-Purple.jpg */ = {isa = PBXFileReference; lastKnownFileType = image.jpeg; path = "Test-Source-Q100-Purple.jpg"; sourceTree = "<group>"; };
		7B8FAAA8146DB8990039BFDA /* Test-Source-Q100-White.jpg */ = {isa = PBXFileReference; lastKnownFileType = image.jpeg; path = "Test-Source-Q100-White.jpg"; sourceTree = "<group>"; };
		7B8FAAA9146DB8990039BFDA /* Test.png */ = {isa = PBXFileReference; lastKnownFileType = image.png; path = Test.png; sourceTree = "<group>"; };
		7B94260B18EC450300346E03 /* Test-Source-Q40-White@2x.jpg */ = {isa = PBXFileReference; lastKnownFileType = image.jpeg; path = "Test-Source-Q40-White@2x.jpg"; sourceTree = "<group>"; };
		7B94260C18EC450300346E03 /* Test@2x.png */ = {isa = PBXFileReference; lastKnownFileType = image.png; path = "Test@2x.png"; sourceTree = "<group>"; };
		7B94260F18EC456200346E03 /* Test-Alpha-Q40@2x.jpg */ = {isa = PBXFileReference; lastKnownFileType = image.jpeg; path = "Test-Alpha-Q40@2x.jpg"; sourceTree = "<group>"; };
/* End PBXFileReference section */

/* Begin PBXFrameworksBuildPhase section */
		7B8FAA40146D653C0039BFDA /* Frameworks */ = {
			isa = PBXFrameworksBuildPhase;
			buildActionMask = 2147483647;
			files = (
				7B8FAA48146D653C0039BFDA /* UIKit.framework in Frameworks */,
				7B8FAA4A146D653C0039BFDA /* Foundation.framework in Frameworks */,
				7B8FAA4C146D653C0039BFDA /* CoreGraphics.framework in Frameworks */,
			);
			runOnlyForDeploymentPostprocessing = 0;
		};
/* End PBXFrameworksBuildPhase section */

/* Begin PBXGroup section */
		7B254DEA1685EDE600B21EF9 /* TransparentJPEG */ = {
			isa = PBXGroup;
			children = (
				7B254DEB1685EDE600B21EF9 /* UIImage+MHCombineAlpha.h */,
				7B254DEC1685EDE600B21EF9 /* UIImage+MHCombineAlpha.m */,
				7B254DED1685EDE600B21EF9 /* UIImage+MHRawBytes.h */,
				7B254DEE1685EDE600B21EF9 /* UIImage+MHRawBytes.m */,
			);
			path = TransparentJPEG;
			sourceTree = "<group>";
		};
		7B8FAA38146D653C0039BFDA = {
			isa = PBXGroup;
			children = (
				7B254DEA1685EDE600B21EF9 /* TransparentJPEG */,
				7B8FAA4D146D653C0039BFDA /* Demo */,
				7B8FAA68146D66A60039BFDA /* Images */,
				7B8FAA46146D653C0039BFDA /* Frameworks */,
				7B8FAA44146D653C0039BFDA /* Products */,
			);
			sourceTree = "<group>";
		};
		7B8FAA44146D653C0039BFDA /* Products */ = {
			isa = PBXGroup;
			children = (
				7B8FAA43146D653C0039BFDA /* Demo.app */,
			);
			name = Products;
			sourceTree = "<group>";
		};
		7B8FAA46146D653C0039BFDA /* Frameworks */ = {
			isa = PBXGroup;
			children = (
				7B8FAA47146D653C0039BFDA /* UIKit.framework */,
				7B8FAA49146D653C0039BFDA /* Foundation.framework */,
				7B8FAA4B146D653C0039BFDA /* CoreGraphics.framework */,
			);
			name = Frameworks;
			sourceTree = "<group>";
		};
		7B8FAA4D146D653C0039BFDA /* Demo */ = {
			isa = PBXGroup;
			children = (
				7B8FAA56146D653C0039BFDA /* AppDelegate.h */,
				7B8FAA57146D653C0039BFDA /* AppDelegate.m */,
				7B8FAA59146D653C0039BFDA /* ViewController.h */,
				7B8FAA5A146D653C0039BFDA /* ViewController.m */,
				7B8FAA5C146D653C0039BFDA /* ViewController.xib */,
				7B8FAA4E146D653C0039BFDA /* Supporting Files */,
			);
			path = Demo;
			sourceTree = "<group>";
		};
		7B8FAA4E146D653C0039BFDA /* Supporting Files */ = {
			isa = PBXGroup;
			children = (
				7B8FAA4F146D653C0039BFDA /* Demo-Info.plist */,
				7B8FAA55146D653C0039BFDA /* Demo-Prefix.pch */,
				7B8FAA53146D653C0039BFDA /* main.m */,
			);
			name = "Supporting Files";
			sourceTree = "<group>";
		};
		7B8FAA68146D66A60039BFDA /* Images */ = {
			isa = PBXGroup;
			children = (
				7B8FAA9D146DB8990039BFDA /* Bird-Alpha-Q100.jpg */,
				7B8FAA9C146DB8990039BFDA /* Bird-Alpha-Q40.jpg */,
				7B8FAAA0146DB8990039BFDA /* Bird-Source-Q100.jpg */,
				7B8FAA9E146DB8990039BFDA /* Bird-Source-Q20.jpg */,
				7B8FAA9F146DB8990039BFDA /* Bird-Source-Q40.jpg */,
				7B8FAAA1146DB8990039BFDA /* Bird.png */,
				7B8FAAA3146DB8990039BFDA /* Test-Alpha-Q100.jpg */,
				7B8FAAA2146DB8990039BFDA /* Test-Alpha-Q40.jpg */,
				7B94260F18EC456200346E03 /* Test-Alpha-Q40@2x.jpg */,
				7B8FAAA6146DB8990039BFDA /* Test-Source-Q100-Black.jpg */,
				7B8FAAA7146DB8990039BFDA /* Test-Source-Q100-Purple.jpg */,
				7B8FAAA8146DB8990039BFDA /* Test-Source-Q100-White.jpg */,
				7B8FAAA4146DB8990039BFDA /* Test-Source-Q40-Black.jpg */,
				7B8FAAA5146DB8990039BFDA /* Test-Source-Q40-White.jpg */,
				7B94260B18EC450300346E03 /* Test-Source-Q40-White@2x.jpg */,
				7B8FAAA9146DB8990039BFDA /* Test.png */,
				7B94260C18EC450300346E03 /* Test@2x.png */,
			);
			path = Images;
			sourceTree = "<group>";
		};
/* End PBXGroup section */

/* Begin PBXNativeTarget section */
		7B8FAA42146D653C0039BFDA /* Demo */ = {
			isa = PBXNativeTarget;
			buildConfigurationList = 7B8FAA61146D653C0039BFDA /* Build configuration list for PBXNativeTarget "Demo" */;
			buildPhases = (
				7B8FAA3F146D653C0039BFDA /* Sources */,
				7B8FAA40146D653C0039BFDA /* Frameworks */,
				7B8FAA41146D653C0039BFDA /* Resources */,
			);
			buildRules = (
			);
			dependencies = (
			);
			name = Demo;
			productName = Demo;
			productReference = 7B8FAA43146D653C0039BFDA /* Demo.app */;
			productType = "com.apple.product-type.application";
		};
/* End PBXNativeTarget section */

/* Begin PBXProject section */
		7B8FAA3A146D653C0039BFDA /* Project object */ = {
			isa = PBXProject;
			attributes = {
				LastUpgradeCheck = 0510;
				ORGANIZATIONNAME = Hollance;
			};
			buildConfigurationList = 7B8FAA3D146D653C0039BFDA /* Build configuration list for PBXProject "Demo" */;
			compatibilityVersion = "Xcode 3.2";
			developmentRegion = English;
			hasScannedForEncodings = 0;
			knownRegions = (
				en,
			);
			mainGroup = 7B8FAA38146D653C0039BFDA;
			productRefGroup = 7B8FAA44146D653C0039BFDA /* Products */;
			projectDirPath = "";
			projectRoot = "";
			targets = (
				7B8FAA42146D653C0039BFDA /* Demo */,
			);
		};
/* End PBXProject section */

/* Begin PBXResourcesBuildPhase section */
		7B8FAA41146D653C0039BFDA /* Resources */ = {
			isa = PBXResourcesBuildPhase;
			buildActionMask = 2147483647;
			files = (
				7B8FAA5E146D653C0039BFDA /* ViewController.xib in Resources */,
				7B94261018EC456200346E03 /* Test-Alpha-Q40@2x.jpg in Resources */,
				7B8FAAAA146DB8990039BFDA /* Bird-Alpha-Q40.jpg in Resources */,
				7B8FAAAB146DB8990039BFDA /* Bird-Alpha-Q100.jpg in Resources */,
				7B94260D18EC450300346E03 /* Test-Source-Q40-White@2x.jpg in Resources */,
				7B8FAAAC146DB8990039BFDA /* Bird-Source-Q20.jpg in Resources */,
				7B8FAAAD146DB8990039BFDA /* Bird-Source-Q40.jpg in Resources */,
				7B8FAAAE146DB8990039BFDA /* Bird-Source-Q100.jpg in Resources */,
				7B94260E18EC450300346E03 /* Test@2x.png in Resources */,
				7B8FAAAF146DB8990039BFDA /* Bird.png in Resources */,
				7B8FAAB0146DB8990039BFDA /* Test-Alpha-Q40.jpg in Resources */,
				7B8FAAB1146DB8990039BFDA /* Test-Alpha-Q100.jpg in Resources */,
				7B8FAAB2146DB8990039BFDA /* Test-Source-Q40-Black.jpg in Resources */,
				7B8FAAB3146DB8990039BFDA /* Test-Source-Q40-White.jpg in Resources */,
				7B8FAAB4146DB8990039BFDA /* Test-Source-Q100-Black.jpg in Resources */,
				7B8FAAB5146DB8990039BFDA /* Test-Source-Q100-Purple.jpg in Resources */,
				7B8FAAB6146DB8990039BFDA /* Test-Source-Q100-White.jpg in Resources */,
				7B8FAAB7146DB8990039BFDA /* Test.png in Resources */,
			);
			runOnlyForDeploymentPostprocessing = 0;
		};
/* End PBXResourcesBuildPhase section */

/* Begin PBXSourcesBuildPhase section */
		7B8FAA3F146D653C0039BFDA /* Sources */ = {
			isa = PBXSourcesBuildPhase;
			buildActionMask = 2147483647;
			files = (
				7B8FAA54146D653C0039BFDA /* main.m in Sources */,
				7B8FAA58146D653C0039BFDA /* AppDelegate.m in Sources */,
				7B8FAA5B146D653C0039BFDA /* ViewController.m in Sources */,
				7B254DEF1685EDE600B21EF9 /* UIImage+MHCombineAlpha.m in Sources */,
				7B254DF01685EDE600B21EF9 /* UIImage+MHRawBytes.m in Sources */,
			);
			runOnlyForDeploymentPostprocessing = 0;
		};
/* End PBXSourcesBuildPhase section */

/* Begin PBXVariantGroup section */
		7B8FAA5C146D653C0039BFDA /* ViewController.xib */ = {
			isa = PBXVariantGroup;
			children = (
				7B8FAA5D146D653C0039BFDA /* en */,
			);
			name = ViewController.xib;
			sourceTree = "<group>";
		};
/* End PBXVariantGroup section */

/* Begin XCBuildConfiguration section */
		7B8FAA5F146D653C0039BFDA /* Debug */ = {
			isa = XCBuildConfiguration;
			buildSettings = {
				ALWAYS_SEARCH_USER_PATHS = NO;
				CLANG_ENABLE_OBJC_ARC = YES;
				CLANG_STATIC_ANALYZER_MODE = deep;
				CLANG_WARN_BOOL_CONVERSION = YES;
				CLANG_WARN_CONSTANT_CONVERSION = YES;
				CLANG_WARN_EMPTY_BODY = YES;
				CLANG_WARN_ENUM_CONVERSION = YES;
				CLANG_WARN_INT_CONVERSION = YES;
				CLANG_WARN__DUPLICATE_METHOD_MATCH = YES;
				"CODE_SIGN_IDENTITY[sdk=iphoneos*]" = "iPhone Developer";
				COPY_PHASE_STRIP = NO;
				GCC_C_LANGUAGE_STANDARD = gnu99;
				GCC_DYNAMIC_NO_PIC = NO;
				GCC_OPTIMIZATION_LEVEL = 0;
				GCC_PREPROCESSOR_DEFINITIONS = (
					"DEBUG=1",
					"$(inherited)",
				);
				GCC_SYMBOLS_PRIVATE_EXTERN = NO;
				GCC_VERSION = com.apple.compilers.llvm.clang.1_0;
				GCC_WARN_64_TO_32_BIT_CONVERSION = YES;
				GCC_WARN_ABOUT_MISSING_PROTOTYPES = YES;
				GCC_WARN_ABOUT_RETURN_TYPE = YES;
				GCC_WARN_UNDECLARED_SELECTOR = YES;
				GCC_WARN_UNINITIALIZED_AUTOS = YES;
				GCC_WARN_UNUSED_FUNCTION = YES;
				GCC_WARN_UNUSED_VARIABLE = YES;
				IPHONEOS_DEPLOYMENT_TARGET = 5.0;
				ONLY_ACTIVE_ARCH = YES;
				RUN_CLANG_STATIC_ANALYZER = YES;
				SDKROOT = iphoneos;
				TARGETED_DEVICE_FAMILY = 2;
				WARNING_CFLAGS = (
					"-Wall",
					"-Wextra",
					"-Wno-unused-parameter",
				);
			};
			name = Debug;
		};
		7B8FAA60146D653C0039BFDA /* Release */ = {
			isa = XCBuildConfiguration;
			buildSettings = {
				ALWAYS_SEARCH_USER_PATHS = NO;
				CLANG_ENABLE_OBJC_ARC = YES;
				CLANG_STATIC_ANALYZER_MODE = deep;
				CLANG_WARN_BOOL_CONVERSION = YES;
				CLANG_WARN_CONSTANT_CONVERSION = YES;
				CLANG_WARN_EMPTY_BODY = YES;
				CLANG_WARN_ENUM_CONVERSION = YES;
				CLANG_WARN_INT_CONVERSION = YES;
				CLANG_WARN__DUPLICATE_METHOD_MATCH = YES;
				"CODE_SIGN_IDENTITY[sdk=iphoneos*]" = "iPhone Developer";
				COPY_PHASE_STRIP = YES;
				GCC_C_LANGUAGE_STANDARD = gnu99;
				GCC_VERSION = com.apple.compilers.llvm.clang.1_0;
				GCC_WARN_64_TO_32_BIT_CONVERSION = YES;
				GCC_WARN_ABOUT_MISSING_PROTOTYPES = YES;
				GCC_WARN_ABOUT_RETURN_TYPE = YES;
				GCC_WARN_UNDECLARED_SELECTOR = YES;
				GCC_WARN_UNINITIALIZED_AUTOS = YES;
				GCC_WARN_UNUSED_FUNCTION = YES;
				GCC_WARN_UNUSED_VARIABLE = YES;
				IPHONEOS_DEPLOYMENT_TARGET = 5.0;
				OTHER_CFLAGS = "-DNS_BLOCK_ASSERTIONS=1";
				RUN_CLANG_STATIC_ANALYZER = YES;
				SDKROOT = iphoneos;
				TARGETED_DEVICE_FAMILY = 2;
				VALIDATE_PRODUCT = YES;
				WARNING_CFLAGS = (
					"-Wall",
					"-Wextra",
					"-Wno-unused-parameter",
				);
			};
			name = Release;
		};
		7B8FAA62146D653C0039BFDA /* Debug */ = {
			isa = XCBuildConfiguration;
			buildSettings = {
				GCC_PRECOMPILE_PREFIX_HEADER = YES;
				GCC_PREFIX_HEADER = "Demo/Demo-Prefix.pch";
				INFOPLIST_FILE = "Demo/Demo-Info.plist";
				PRODUCT_NAME = "$(TARGET_NAME)";
				RUN_CLANG_STATIC_ANALYZER = YES;
				WARNING_CFLAGS = (
					"-Wall",
					"-Wextra",
					"-Wno-unused-parameter",
				);
				WRAPPER_EXTENSION = app;
			};
			name = Debug;
		};
		7B8FAA63146D653C0039BFDA /* Release */ = {
			isa = XCBuildConfiguration;
			buildSettings = {
				GCC_PRECOMPILE_PREFIX_HEADER = YES;
				GCC_PREFIX_HEADER = "Demo/Demo-Prefix.pch";
				INFOPLIST_FILE = "Demo/Demo-Info.plist";
				PRODUCT_NAME = "$(TARGET_NAME)";
				RUN_CLANG_STATIC_ANALYZER = YES;
				WARNING_CFLAGS = (
					"-Wall",
					"-Wextra",
					"-Wno-unused-parameter",
				);
				WRAPPER_EXTENSION = app;
			};
			name = Release;
		};
/* End XCBuildConfiguration section */

/* Begin XCConfigurationList section */
		7B8FAA3D146D653C0039BFDA /* Build configuration list for PBXProject "Demo" */ = {
			isa = XCConfigurationList;
			buildConfigurations = (
				7B8FAA5F146D653C0039BFDA /* Debug */,
				7B8FAA60146D653C0039BFDA /* Release */,
			);
			defaultConfigurationIsVisible = 0;
			defaultConfigurationName = Release;
		};
		7B8FAA61146D653C0039BFDA /* Build configuration list for PBXNativeTarget "Demo" */ = {
			isa = XCConfigurationList;
			buildConfigurations = (
				7B8FAA62146D653C0039BFDA /* Debug */,
				7B8FAA63146D653C0039BFDA /* Release */,
			);
			defaultConfigurationIsVisible = 0;
			defaultConfigurationName = Release;
		};
/* End XCConfigurationList section */
	};
	rootObject = 7B8FAA3A146D653C0039BFDA /* Project object */;
}
